
Microsoft Visual Studio Solution File, Format Version 12.00
# Visual Studio Version 17
VisualStudioVersion = 17.14.36908.2 d17.14
MinimumVisualStudioVersion = 10.0.40219.1
Project("{FAE04EC0-301F-11D3-BF4B-00C04F79EFBC}") = "JiraWorklogViewer", "JiraWorklogViewer.csproj", "{08DD4387-98C1-FDE0-9296-E21581B734AA}"
EndProject
Global
	GlobalSection(SolutionConfigurationPlatforms) = preSolution
		Debug|Any CPU = Debug|Any CPU
		Release|Any CPU = Release|Any CPU
	EndGlobalSection
	GlobalSection(ProjectConfigurationPlatforms) = postSolution
		{08DD4387-98C1-FDE0-9296-E21581B734AA}.Debug|Any CPU.ActiveCfg = Debug|Any CPU
		{08DD4387-98C1-FDE0-9296-E21581B734AA}.Debug|Any CPU.Build.0 = Debug|Any CPU
		{08DD4387-98C1-FDE0-9296-E21581B734AA}.Release|Any CPU.ActiveCfg = Release|Any CPU
		{08DD4387-98C1-FDE0-9296-E21581B734AA}.Release|Any CPU.Build.0 = Release|Any CPU
	EndGlobalSection
	GlobalSection(SolutionProperties) = preSolution
		HideSolutionNode = FALSE
	EndGlobalSection
	GlobalSection(ExtensibilityGlobals) = postSolution
		SolutionGuid = {1B01D038-973B-4A37-854C-295061C64CFB}
	EndGlobalSection
EndGlobal
